
Microsoft Visual Studio Solution File, Format Version 12.00
# Visual Studio 15
VisualStudioVersion = 15.0.27703.2035
MinimumVisualStudioVersion = 10.0.40219.1
Project("{FAE04EC0-301F-11D3-BF4B-00C04F79EFBC}") = "SeaData.WPF", "SeaData.WPF.csproj", "{3DFB6462-BA05-463F-AE62-449C865AECEB}"
EndProject
Global
	GlobalSection(SolutionConfigurationPlatforms) = preSolution
		Debug|Any CPU = Debug|Any CPU
		Release|Any CPU = Release|Any CPU
	EndGlobalSection
	GlobalSection(ProjectConfigurationPlatforms) = postSolution
		{3DFB6462-BA05-463F-AE62-449C865AECEB}.Debug|Any CPU.ActiveCfg = Debug|Any CPU
		{3DFB6462-BA05-463F-AE62-449C865AECEB}.Debug|Any CPU.Build.0 = Debug|Any CPU
		{3DFB6462-BA05-463F-AE62-449C865AECEB}.Release|Any CPU.ActiveCfg = Release|Any CPU
		{3DFB6462-BA05-463F-AE62-449C865AECEB}.Release|Any CPU.Build.0 = Release|Any CPU
	EndGlobalSection
	GlobalSection(SolutionProperties) = preSolution
		HideSolutionNode = FALSE
	EndGlobalSection
	GlobalSection(ExtensibilityGlobals) = postSolution
		SolutionGuid = {369B2D2C-EFE1-4F12-B368-07897BECA2EC}
	EndGlobalSection
EndGlobal
